
Microsoft Visual Studio Solution File, Format Version 12.00
# Visual Studio 14
VisualStudioVersion = 14.0.24720.0
MinimumVisualStudioVersion = 10.0.40219.1
Project("{FAE04EC0-301F-11D3-BF4B-00C04F79EFBC}") = "Website", "Website\Website.csproj", "{91B794A9-C008-46FD-925B-0A876DD94256}"
	ProjectSection(ProjectDependencies) = postProject
		{659334A2-2B40-4CB9-A9F2-5F87D2E8514C} = {659334A2-2B40-4CB9-A9F2-5F87D2E8514C}
	EndProjectSection
EndProject
Project("{FAE04EC0-301F-11D3-BF4B-00C04F79EFBC}") = "Service", "Service\Service.csproj", "{659334A2-2B40-4CB9-A9F2-5F87D2E8514C}"
EndProject
Project("{FAE04EC0-301F-11D3-BF4B-00C04F79EFBC}") = "WPFClient", "WPFClient\WPFClient.csproj", "{32018F85-6C2F-44F6-BE1F-A26551144B7E}"
	ProjectSection(ProjectDependencies) = postProject
		{659334A2-2B40-4CB9-A9F2-5F87D2E8514C} = {659334A2-2B40-4CB9-A9F2-5F87D2E8514C}
	EndProjectSection
EndProject
Project("{FAE04EC0-301F-11D3-BF4B-00C04F79EFBC}") = "WinFormClient", "WinFormClient\WinFormClient.csproj", "{2AEA8A08-5010-41C7-BF40-FF02D9261A4A}"
	ProjectSection(ProjectDependencies) = postProject
		{659334A2-2B40-4CB9-A9F2-5F87D2E8514C} = {659334A2-2B40-4CB9-A9F2-5F87D2E8514C}
	EndProjectSection
EndProject
Global
	GlobalSection(SolutionConfigurationPlatforms) = preSolution
		Debug|Any CPU = Debug|Any CPU
		Release|Any CPU = Release|Any CPU
	EndGlobalSection
	GlobalSection(ProjectConfigurationPlatforms) = postSolution
		{91B794A9-C008-46FD-925B-0A876DD94256}.Debug|Any CPU.ActiveCfg = Debug|Any CPU
		{91B794A9-C008-46FD-925B-0A876DD94256}.Debug|Any CPU.Build.0 = Debug|Any CPU
		{91B794A9-C008-46FD-925B-0A876DD94256}.Release|Any CPU.ActiveCfg = Release|Any CPU
		{91B794A9-C008-46FD-925B-0A876DD94256}.Release|Any CPU.Build.0 = Release|Any CPU
		{659334A2-2B40-4CB9-A9F2-5F87D2E8514C}.Debug|Any CPU.ActiveCfg = Debug|Any CPU
		{659334A2-2B40-4CB9-A9F2-5F87D2E8514C}.Debug|Any CPU.Build.0 = Debug|Any CPU
		{659334A2-2B40-4CB9-A9F2-5F87D2E8514C}.Release|Any CPU.ActiveCfg = Release|Any CPU
		{659334A2-2B40-4CB9-A9F2-5F87D2E8514C}.Release|Any CPU.Build.0 = Release|Any CPU
		{32018F85-6C2F-44F6-BE1F-A26551144B7E}.Debug|Any CPU.ActiveCfg = Debug|Any CPU
		{32018F85-6C2F-44F6-BE1F-A26551144B7E}.Debug|Any CPU.Build.0 = Debug|Any CPU
		{32018F85-6C2F-44F6-BE1F-A26551144B7E}.Release|Any CPU.ActiveCfg = Release|Any CPU
		{32018F85-6C2F-44F6-BE1F-A26551144B7E}.Release|Any CPU.Build.0 = Release|Any CPU
		{2AEA8A08-5010-41C7-BF40-FF02D9261A4A}.Debug|Any CPU.ActiveCfg = Debug|Any CPU
		{2AEA8A08-5010-41C7-BF40-FF02D9261A4A}.Debug|Any CPU.Build.0 = Debug|Any CPU
		{2AEA8A08-5010-41C7-BF40-FF02D9261A4A}.Release|Any CPU.ActiveCfg = Release|Any CPU
		{2AEA8A08-5010-41C7-BF40-FF02D9261A4A}.Release|Any CPU.Build.0 = Release|Any CPU
	EndGlobalSection
	GlobalSection(SolutionProperties) = preSolution
		HideSolutionNode = FALSE
	EndGlobalSection
EndGlobal
